
Microsoft Visual Studio Solution File, Format Version 12.00
# Visual Studio Version 16
VisualStudioVersion = 16.0.30523.141
MinimumVisualStudioVersion = 10.0.40219.1
Project("{FAE04EC0-301F-11D3-BF4B-00C04F79EFBC}") = "OrderProcessing", "OrderProcessing\OrderProcessing.csproj", "{ED7729AE-AC60-4154-B1C4-1CA8EB3ED420}"
EndProject
Global
	GlobalSection(SolutionConfigurationPlatforms) = preSolution
		Debug|Any CPU = Debug|Any CPU
		Release|Any CPU = Release|Any CPU
	EndGlobalSection
	GlobalSection(ProjectConfigurationPlatforms) = postSolution
		{ED7729AE-AC60-4154-B1C4-1CA8EB3ED420}.Debug|Any CPU.ActiveCfg = Debug|Any CPU
		{ED7729AE-AC60-4154-B1C4-1CA8EB3ED420}.Debug|Any CPU.Build.0 = Debug|Any CPU
		{ED7729AE-AC60-4154-B1C4-1CA8EB3ED420}.Release|Any CPU.ActiveCfg = Release|Any CPU
		{ED7729AE-AC60-4154-B1C4-1CA8EB3ED420}.Release|Any CPU.Build.0 = Release|Any CPU
	EndGlobalSection
	GlobalSection(SolutionProperties) = preSolution
		HideSolutionNode = FALSE
	EndGlobalSection
	GlobalSection(ExtensibilityGlobals) = postSolution
		SolutionGuid = {376B775C-7DEC-435B-AF17-00D59D57BA4E}
	EndGlobalSection
EndGlobal
